// !$*UTF8*$!
{
	archiveVersion = 1;
	classes = {
	};
	objectVersion = 46;
	objects = {

/* Begin PBXBuildFile section */
		135A8C291C7EF3E70065D0A4 /* UIKitFourViewController.m in Sources */ = {isa = PBXBuildFile; fileRef = 135A8C281C7EF3E70065D0A4 /* UIKitFourViewController.m */; };
		135A8C2C1C7EF8AD0065D0A4 /* CGOneViewController.m in Sources */ = {isa = PBXBuildFile; fileRef = 135A8C2B1C7EF8AD0065D0A4 /* CGOneViewController.m */; };
		135A8C2F1C7EFAC10065D0A4 /* CGTwoViewController.m in Sources */ = {isa = PBXBuildFile; fileRef = 135A8C2E1C7EFAC10065D0A4 /* CGTwoViewController.m */; };
		135A8C321C7EFB6F0065D0A4 /* CGThreeViewController.m in Sources */ = {isa = PBXBuildFile; fileRef = 135A8C311C7EFB6F0065D0A4 /* CGThreeViewController.m */; };
		135A8C351C7EFC9B0065D0A4 /* CGFourViewController.m in Sources */ = {isa = PBXBuildFile; fileRef = 135A8C341C7EFC9B0065D0A4 /* CGFourViewController.m */; };
		1363CD121C7C29C4006172BD /* UIKitTwoViewController.m in Sources */ = {isa = PBXBuildFile; fileRef = 1363CD111C7C29C4006172BD /* UIKitTwoViewController.m */; };
		1363CD151C7C33AD006172BD /* UIKitThreeViewController.m in Sources */ = {isa = PBXBuildFile; fileRef = 1363CD141C7C33AD006172BD /* UIKitThreeViewController.m */; };
		13B7431B1C7AA6C000BC6B7E /* main.m in Sources */ = {isa = PBXBuildFile; fileRef = 13B7431A1C7AA6C000BC6B7E /* main.m */; };
		13B7431E1C7AA6C000BC6B7E /* AppDelegate.m in Sources */ = {isa = PBXBuildFile; fileRef = 13B7431D1C7AA6C000BC6B7E /* AppDelegate.m */; };
		13B743241C7AA6C000BC6B7E /* Main.storyboard in Resources */ = {isa = PBXBuildFile; fileRef = 13B743221C7AA6C000BC6B7E /* Main.storyboard */; };
		13B743261C7AA6C000BC6B7E /* Assets.xcassets in Resources */ = {isa = PBXBuildFile; fileRef = 13B743251C7AA6C000BC6B7E /* Assets.xcassets */; };
		13B743291C7AA6C000BC6B7E /* LaunchScreen.storyboard in Resources */ = {isa = PBXBuildFile; fileRef = 13B743271C7AA6C000BC6B7E /* LaunchScreen.storyboard */; };
		13B743341C7AA6C000BC6B7E /* DSCoreGraphicsTests.m in Sources */ = {isa = PBXBuildFile; fileRef = 13B743331C7AA6C000BC6B7E /* DSCoreGraphicsTests.m */; };
		13B7433F1C7AA6C100BC6B7E /* DSCoreGraphicsUITests.m in Sources */ = {isa = PBXBuildFile; fileRef = 13B7433E1C7AA6C100BC6B7E /* DSCoreGraphicsUITests.m */; };
		13B743601C7AAF5700BC6B7E /* BaseViewController.m in Sources */ = {isa = PBXBuildFile; fileRef = 13B7435D1C7AAF5700BC6B7E /* BaseViewController.m */; };
		13B743611C7AAF5700BC6B7E /* RootViewController.m in Sources */ = {isa = PBXBuildFile; fileRef = 13B7435F1C7AAF5700BC6B7E /* RootViewController.m */; };
		13B743661C7AB75300BC6B7E /* UIKitOneViewController.m in Sources */ = {isa = PBXBuildFile; fileRef = 13B743651C7AB75300BC6B7E /* UIKitOneViewController.m */; };
		33B21A751D84EC460039889A /* DrawThreeViewController.m in Sources */ = {isa = PBXBuildFile; fileRef = 33B21A741D84EC460039889A /* DrawThreeViewController.m */; };
		33B21A781D84EDB90039889A /* DrawFourViewController.m in Sources */ = {isa = PBXBuildFile; fileRef = 33B21A771D84EDB90039889A /* DrawFourViewController.m */; };
		33B21A7E1D84EFE20039889A /* DrawFiveViewController.m in Sources */ = {isa = PBXBuildFile; fileRef = 33B21A7D1D84EFE20039889A /* DrawFiveViewController.m */; };
		33B21A811D84F1A90039889A /* DrawSixViewController.m in Sources */ = {isa = PBXBuildFile; fileRef = 33B21A801D84F1A90039889A /* DrawSixViewController.m */; };
		33D24D7E1D8305A400710F95 /* DrawOneViewController.m in Sources */ = {isa = PBXBuildFile; fileRef = 33D24D7D1D8305A400710F95 /* DrawOneViewController.m */; };
		33D24D811D830A7900710F95 /* DrawTwoViewController.m in Sources */ = {isa = PBXBuildFile; fileRef = 33D24D801D830A7900710F95 /* DrawTwoViewController.m */; };
/* End PBXBuildFile section */

/* Begin PBXContainerItemProxy section */
		13B743301C7AA6C000BC6B7E /* PBXContainerItemProxy */ = {
			isa = PBXContainerItemProxy;
			containerPortal = 13B7430E1C7AA6C000BC6B7E /* Project object */;
			proxyType = 1;
			remoteGlobalIDString = 13B743151C7AA6C000BC6B7E;
			remoteInfo = DSCoreGraphics;
		};
		13B7433B1C7AA6C100BC6B7E /* PBXContainerItemProxy */ = {
			isa = PBXContainerItemProxy;
			containerPortal = 13B7430E1C7AA6C000BC6B7E /* Project object */;
			proxyType = 1;
			remoteGlobalIDString = 13B743151C7AA6C000BC6B7E;
			remoteInfo = DSCoreGraphics;
		};
/* End PBXContainerItemProxy section */

/* Begin PBXFileReference section */
		135A8C271C7EF3E70065D0A4 /* UIKitFourViewController.h */ = {isa = PBXFileReference; fileEncoding = 4; lastKnownFileType = sourcecode.c.h; path = UIKitFourViewController.h; sourceTree = "<group>"; };
		135A8C281C7EF3E70065D0A4 /* UIKitFourViewController.m */ = {isa = PBXFileReference; fileEncoding = 4; lastKnownFileType = sourcecode.c.objc; path = UIKitFourViewController.m; sourceTree = "<group>"; };
		135A8C2A1C7EF8AD0065D0A4 /* CGOneViewController.h */ = {isa = PBXFileReference; fileEncoding = 4; lastKnownFileType = sourcecode.c.h; path = CGOneViewController.h; sourceTree = "<group>"; };
		135A8C2B1C7EF8AD0065D0A4 /* CGOneViewController.m */ = {isa = PBXFileReference; fileEncoding = 4; lastKnownFileType = sourcecode.c.objc; path = CGOneViewController.m; sourceTree = "<group>"; };
		135A8C2D1C7EFAC10065D0A4 /* CGTwoViewController.h */ = {isa = PBXFileReference; fileEncoding = 4; lastKnownFileType = sourcecode.c.h; path = CGTwoViewController.h; sourceTree = "<group>"; };
		135A8C2E1C7EFAC10065D0A4 /* CGTwoViewController.m */ = {isa = PBXFileReference; fileEncoding = 4; lastKnownFileType = sourcecode.c.objc; path = CGTwoViewController.m; sourceTree = "<group>"; };
		135A8C301C7EFB6F0065D0A4 /* CGThreeViewController.h */ = {isa = PBXFileReference; fileEncoding = 4; lastKnownFileType = sourcecode.c.h; path = CGThreeViewController.h; sourceTree = "<group>"; };
		135A8C311C7EFB6F0065D0A4 /* CGThreeViewController.m */ = {isa = PBXFileReference; fileEncoding = 4; lastKnownFileType = sourcecode.c.objc; path = CGThreeViewController.m; sourceTree = "<group>"; };
		135A8C331C7EFC9B0065D0A4 /* CGFourViewController.h */ = {isa = PBXFileReference; fileEncoding = 4; lastKnownFileType = sourcecode.c.h; path = CGFourViewController.h; sourceTree = "<group>"; };
		135A8C341C7EFC9B0065D0A4 /* CGFourViewController.m */ = {isa = PBXFileReference; fileEncoding = 4; lastKnownFileType = sourcecode.c.objc; path = CGFourViewController.m; sourceTree = "<group>"; };
		1363CD101C7C29C4006172BD /* UIKitTwoViewController.h */ = {isa = PBXFileReference; fileEncoding = 4; lastKnownFileType = sourcecode.c.h; path = UIKitTwoViewController.h; sourceTree = "<group>"; };
		1363CD111C7C29C4006172BD /* UIKitTwoViewController.m */ = {isa = PBXFileReference; fileEncoding = 4; lastKnownFileType = sourcecode.c.objc; path = UIKitTwoViewController.m; sourceTree = "<group>"; };
		1363CD131C7C33AD006172BD /* UIKitThreeViewController.h */ = {isa = PBXFileReference; fileEncoding = 4; lastKnownFileType = sourcecode.c.h; path = UIKitThreeViewController.h; sourceTree = "<group>"; };
		1363CD141C7C33AD006172BD /* UIKitThreeViewController.m */ = {isa = PBXFileReference; fileEncoding = 4; lastKnownFileType = sourcecode.c.objc; path = UIKitThreeViewController.m; sourceTree = "<group>"; };
		13B743161C7AA6C000BC6B7E /* DSCoreGraphics.app */ = {isa = PBXFileReference; explicitFileType = wrapper.application; includeInIndex = 0; path = DSCoreGraphics.app; sourceTree = BUILT_PRODUCTS_DIR; };
		13B7431A1C7AA6C000BC6B7E /* main.m */ = {isa = PBXFileReference; lastKnownFileType = sourcecode.c.objc; path = main.m; sourceTree = "<group>"; };
		13B7431C1C7AA6C000BC6B7E /* AppDelegate.h */ = {isa = PBXFileReference; lastKnownFileType = sourcecode.c.h; path = AppDelegate.h; sourceTree = "<group>"; };
		13B7431D1C7AA6C000BC6B7E /* AppDelegate.m */ = {isa = PBXFileReference; lastKnownFileType = sourcecode.c.objc; path = AppDelegate.m; sourceTree = "<group>"; };
		13B743231C7AA6C000BC6B7E /* Base */ = {isa = PBXFileReference; lastKnownFileType = file.storyboard; name = Base; path = Base.lproj/Main.storyboard; sourceTree = "<group>"; };
		13B743251C7AA6C000BC6B7E /* Assets.xcassets */ = {isa = PBXFileReference; lastKnownFileType = folder.assetcatalog; path = Assets.xcassets; sourceTree = "<group>"; };
		13B743281C7AA6C000BC6B7E /* Base */ = {isa = PBXFileReference; lastKnownFileType = file.storyboard; name = Base; path = Base.lproj/LaunchScreen.storyboard; sourceTree = "<group>"; };
		13B7432A1C7AA6C000BC6B7E /* Info.plist */ = {isa = PBXFileReference; lastKnownFileType = text.plist.xml; path = Info.plist; sourceTree = "<group>"; };
		13B7432F1C7AA6C000BC6B7E /* DSCoreGraphicsTests.xctest */ = {isa = PBXFileReference; explicitFileType = wrapper.cfbundle; includeInIndex = 0; path = DSCoreGraphicsTests.xctest; sourceTree = BUILT_PRODUCTS_DIR; };
		13B743331C7AA6C000BC6B7E /* DSCoreGraphicsTests.m */ = {isa = PBXFileReference; lastKnownFileType = sourcecode.c.objc; path = DSCoreGraphicsTests.m; sourceTree = "<group>"; };
		13B743351C7AA6C000BC6B7E /* Info.plist */ = {isa = PBXFileReference; lastKnownFileType = text.plist.xml; path = Info.plist; sourceTree = "<group>"; };
		13B7433A1C7AA6C100BC6B7E /* DSCoreGraphicsUITests.xctest */ = {isa = PBXFileReference; explicitFileType = wrapper.cfbundle; includeInIndex = 0; path = DSCoreGraphicsUITests.xctest; sourceTree = BUILT_PRODUCTS_DIR; };
		13B7433E1C7AA6C100BC6B7E /* DSCoreGraphicsUITests.m */ = {isa = PBXFileReference; lastKnownFileType = sourcecode.c.objc; path = DSCoreGraphicsUITests.m; sourceTree = "<group>"; };
		13B743401C7AA6C100BC6B7E /* Info.plist */ = {isa = PBXFileReference; lastKnownFileType = text.plist.xml; path = Info.plist; sourceTree = "<group>"; };
		13B7435C1C7AAF5700BC6B7E /* BaseViewController.h */ = {isa = PBXFileReference; fileEncoding = 4; lastKnownFileType = sourcecode.c.h; path = BaseViewController.h; sourceTree = "<group>"; };
		13B7435D1C7AAF5700BC6B7E /* BaseViewController.m */ = {isa = PBXFileReference; fileEncoding = 4; lastKnownFileType = sourcecode.c.objc; path = BaseViewController.m; sourceTree = "<group>"; };
		13B7435E1C7AAF5700BC6B7E /* RootViewController.h */ = {isa = PBXFileReference; fileEncoding = 4; lastKnownFileType = sourcecode.c.h; path = RootViewController.h; sourceTree = "<group>"; };
		13B7435F1C7AAF5700BC6B7E /* RootViewController.m */ = {isa = PBXFileReference; fileEncoding = 4; lastKnownFileType = sourcecode.c.objc; path = RootViewController.m; sourceTree = "<group>"; };
		13B743641C7AB75300BC6B7E /* UIKitOneViewController.h */ = {isa = PBXFileReference; fileEncoding = 4; lastKnownFileType = sourcecode.c.h; path = UIKitOneViewController.h; sourceTree = "<group>"; };
		13B743651C7AB75300BC6B7E /* UIKitOneViewController.m */ = {isa = PBXFileReference; fileEncoding = 4; lastKnownFileType = sourcecode.c.objc; path = UIKitOneViewController.m; sourceTree = "<group>"; };
		33B21A731D84EC460039889A /* DrawThreeViewController.h */ = {isa = PBXFileReference; fileEncoding = 4; lastKnownFileType = sourcecode.c.h; name = DrawThreeViewController.h; path = SomeExample/DrawThreeViewController.h; sourceTree = "<group>"; };
		33B21A741D84EC460039889A /* DrawThreeViewController.m */ = {isa = PBXFileReference; fileEncoding = 4; lastKnownFileType = sourcecode.c.objc; name = DrawThreeViewController.m; path = SomeExample/DrawThreeViewController.m; sourceTree = "<group>"; };
		33B21A761D84EDB90039889A /* DrawFourViewController.h */ = {isa = PBXFileReference; fileEncoding = 4; lastKnownFileType = sourcecode.c.h; name = DrawFourViewController.h; path = SomeExample/DrawFourViewController.h; sourceTree = "<group>"; };
		33B21A771D84EDB90039889A /* DrawFourViewController.m */ = {isa = PBXFileReference; fileEncoding = 4; lastKnownFileType = sourcecode.c.objc; name = DrawFourViewController.m; path = SomeExample/DrawFourViewController.m; sourceTree = "<group>"; };
		33B21A7C1D84EFE20039889A /* DrawFiveViewController.h */ = {isa = PBXFileReference; fileEncoding = 4; lastKnownFileType = sourcecode.c.h; name = DrawFiveViewController.h; path = SomeExample/DrawFiveViewController.h; sourceTree = "<group>"; };
		33B21A7D1D84EFE20039889A /* DrawFiveViewController.m */ = {isa = PBXFileReference; fileEncoding = 4; lastKnownFileType = sourcecode.c.objc; name = DrawFiveViewController.m; path = SomeExample/DrawFiveViewController.m; sourceTree = "<group>"; };
		33B21A7F1D84F1A90039889A /* DrawSixViewController.h */ = {isa = PBXFileReference; fileEncoding = 4; lastKnownFileType = sourcecode.c.h; name = DrawSixViewController.h; path = SomeExample/DrawSixViewController.h; sourceTree = "<group>"; };
		33B21A801D84F1A90039889A /* DrawSixViewController.m */ = {isa = PBXFileReference; fileEncoding = 4; lastKnownFileType = sourcecode.c.objc; name = DrawSixViewController.m; path = SomeExample/DrawSixViewController.m; sourceTree = "<group>"; };
		33D24D7C1D8305A400710F95 /* DrawOneViewController.h */ = {isa = PBXFileReference; fileEncoding = 4; lastKnownFileType = sourcecode.c.h; name = DrawOneViewController.h; path = SomeExample/DrawOneViewController.h; sourceTree = "<group>"; };
		33D24D7D1D8305A400710F95 /* DrawOneViewController.m */ = {isa = PBXFileReference; fileEncoding = 4; lastKnownFileType = sourcecode.c.objc; name = DrawOneViewController.m; path = SomeExample/DrawOneViewController.m; sourceTree = "<group>"; };
		33D24D7F1D830A7900710F95 /* DrawTwoViewController.h */ = {isa = PBXFileReference; fileEncoding = 4; lastKnownFileType = sourcecode.c.h; path = DrawTwoViewController.h; sourceTree = "<group>"; };
		33D24D801D830A7900710F95 /* DrawTwoViewController.m */ = {isa = PBXFileReference; fileEncoding = 4; lastKnownFileType = sourcecode.c.objc; path = DrawTwoViewController.m; sourceTree = "<group>"; };
/* End PBXFileReference section */

/* Begin PBXFrameworksBuildPhase section */
		13B743131C7AA6C000BC6B7E /* Frameworks */ = {
			isa = PBXFrameworksBuildPhase;
			buildActionMask = 2147483647;
			files = (
			);
			runOnlyForDeploymentPostprocessing = 0;
		};
		13B7432C1C7AA6C000BC6B7E /* Frameworks */ = {
			isa = PBXFrameworksBuildPhase;
			buildActionMask = 2147483647;
			files = (
			);
			runOnlyForDeploymentPostprocessing = 0;
		};
		13B743371C7AA6C000BC6B7E /* Frameworks */ = {
			isa = PBXFrameworksBuildPhase;
			buildActionMask = 2147483647;
			files = (
			);
			runOnlyForDeploymentPostprocessing = 0;
		};
/* End PBXFrameworksBuildPhase section */

/* Begin PBXGroup section */
		13B7430D1C7AA6C000BC6B7E = {
			isa = PBXGroup;
			children = (
				13B743181C7AA6C000BC6B7E /* DSCoreGraphics */,
				13B743321C7AA6C000BC6B7E /* DSCoreGraphicsTests */,
				13B7433D1C7AA6C100BC6B7E /* DSCoreGraphicsUITests */,
				13B743171C7AA6C000BC6B7E /* Products */,
			);
			sourceTree = "<group>";
		};
		13B743171C7AA6C000BC6B7E /* Products */ = {
			isa = PBXGroup;
			children = (
				13B743161C7AA6C000BC6B7E /* DSCoreGraphics.app */,
				13B7432F1C7AA6C000BC6B7E /* DSCoreGraphicsTests.xctest */,
				13B7433A1C7AA6C100BC6B7E /* DSCoreGraphicsUITests.xctest */,
			);
			name = Products;
			sourceTree = "<group>";
		};
		13B743181C7AA6C000BC6B7E /* DSCoreGraphics */ = {
			isa = PBXGroup;
			children = (
				13B7435B1C7AAF5600BC6B7E /* Controller */,
				13B7431C1C7AA6C000BC6B7E /* AppDelegate.h */,
				13B7431D1C7AA6C000BC6B7E /* AppDelegate.m */,
				13B743221C7AA6C000BC6B7E /* Main.storyboard */,
				13B743251C7AA6C000BC6B7E /* Assets.xcassets */,
				13B743271C7AA6C000BC6B7E /* LaunchScreen.storyboard */,
				13B7432A1C7AA6C000BC6B7E /* Info.plist */,
				13B743191C7AA6C000BC6B7E /* Supporting Files */,
			);
			path = DSCoreGraphics;
			sourceTree = "<group>";
		};
		13B743191C7AA6C000BC6B7E /* Supporting Files */ = {
			isa = PBXGroup;
			children = (
				13B7431A1C7AA6C000BC6B7E /* main.m */,
			);
			name = "Supporting Files";
			sourceTree = "<group>";
		};
		13B743321C7AA6C000BC6B7E /* DSCoreGraphicsTests */ = {
			isa = PBXGroup;
			children = (
				13B743331C7AA6C000BC6B7E /* DSCoreGraphicsTests.m */,
				13B743351C7AA6C000BC6B7E /* Info.plist */,
			);
			path = DSCoreGraphicsTests;
			sourceTree = "<group>";
		};
		13B7433D1C7AA6C100BC6B7E /* DSCoreGraphicsUITests */ = {
			isa = PBXGroup;
			children = (
				13B7433E1C7AA6C100BC6B7E /* DSCoreGraphicsUITests.m */,
				13B743401C7AA6C100BC6B7E /* Info.plist */,
			);
			path = DSCoreGraphicsUITests;
			sourceTree = "<group>";
		};
		13B7435B1C7AAF5600BC6B7E /* Controller */ = {
			isa = PBXGroup;
			children = (
				33D24D7B1D83054900710F95 /* SomeExample */,
				13B743621C7AB6E900BC6B7E /* CoreGraphics */,
				13B743631C7AB6E900BC6B7E /* UIKit */,
				13B7435C1C7AAF5700BC6B7E /* BaseViewController.h */,
				13B7435D1C7AAF5700BC6B7E /* BaseViewController.m */,
				13B7435E1C7AAF5700BC6B7E /* RootViewController.h */,
				13B7435F1C7AAF5700BC6B7E /* RootViewController.m */,
			);
			path = Controller;
			sourceTree = "<group>";
		};
		13B743621C7AB6E900BC6B7E /* CoreGraphics */ = {
			isa = PBXGroup;
			children = (
				135A8C2A1C7EF8AD0065D0A4 /* CGOneViewController.h */,
				135A8C2B1C7EF8AD0065D0A4 /* CGOneViewController.m */,
				135A8C2D1C7EFAC10065D0A4 /* CGTwoViewController.h */,
				135A8C2E1C7EFAC10065D0A4 /* CGTwoViewController.m */,
				135A8C301C7EFB6F0065D0A4 /* CGThreeViewController.h */,
				135A8C311C7EFB6F0065D0A4 /* CGThreeViewController.m */,
				135A8C331C7EFC9B0065D0A4 /* CGFourViewController.h */,
				135A8C341C7EFC9B0065D0A4 /* CGFourViewController.m */,
			);
			path = CoreGraphics;
			sourceTree = "<group>";
		};
		13B743631C7AB6E900BC6B7E /* UIKit */ = {
			isa = PBXGroup;
			children = (
				13B743641C7AB75300BC6B7E /* UIKitOneViewController.h */,
				13B743651C7AB75300BC6B7E /* UIKitOneViewController.m */,
				1363CD101C7C29C4006172BD /* UIKitTwoViewController.h */,
				1363CD111C7C29C4006172BD /* UIKitTwoViewController.m */,
				1363CD131C7C33AD006172BD /* UIKitThreeViewController.h */,
				1363CD141C7C33AD006172BD /* UIKitThreeViewController.m */,
				135A8C271C7EF3E70065D0A4 /* UIKitFourViewController.h */,
				135A8C281C7EF3E70065D0A4 /* UIKitFourViewController.m */,
			);
			path = UIKit;
			sourceTree = "<group>";
		};
		33D24D7B1D83054900710F95 /* SomeExample */ = {
			isa = PBXGroup;
			children = (
				33D24D7C1D8305A400710F95 /* DrawOneViewController.h */,
				33D24D7D1D8305A400710F95 /* DrawOneViewController.m */,
				33D24D7F1D830A7900710F95 /* DrawTwoViewController.h */,
				33D24D801D830A7900710F95 /* DrawTwoViewController.m */,
				33B21A731D84EC460039889A /* DrawThreeViewController.h */,
				33B21A741D84EC460039889A /* DrawThreeViewController.m */,
				33B21A761D84EDB90039889A /* DrawFourViewController.h */,
				33B21A771D84EDB90039889A /* DrawFourViewController.m */,
				33B21A7C1D84EFE20039889A /* DrawFiveViewController.h */,
				33B21A7D1D84EFE20039889A /* DrawFiveViewController.m */,
				33B21A7F1D84F1A90039889A /* DrawSixViewController.h */,
				33B21A801D84F1A90039889A /* DrawSixViewController.m */,
			);
			name = SomeExample;
			sourceTree = "<group>";
		};
/* End PBXGroup section */

/* Begin PBXNativeTarget section */
		13B743151C7AA6C000BC6B7E /* DSCoreGraphics */ = {
			isa = PBXNativeTarget;
			buildConfigurationList = 13B743431C7AA6C100BC6B7E /* Build configuration list for PBXNativeTarget "DSCoreGraphics" */;
			buildPhases = (
				13B743121C7AA6C000BC6B7E /* Sources */,
				13B743131C7AA6C000BC6B7E /* Frameworks */,
				13B743141C7AA6C000BC6B7E /* Resources */,
			);
			buildRules = (
			);
			dependencies = (
			);
			name = DSCoreGraphics;
			productName = DSCoreGraphics;
			productReference = 13B743161C7AA6C000BC6B7E /* DSCoreGraphics.app */;
			productType = "com.apple.product-type.application";
		};
		13B7432E1C7AA6C000BC6B7E /* DSCoreGraphicsTests */ = {
			isa = PBXNativeTarget;
			buildConfigurationList = 13B743461C7AA6C100BC6B7E /* Build configuration list for PBXNativeTarget "DSCoreGraphicsTests" */;
			buildPhases = (
				13B7432B1C7AA6C000BC6B7E /* Sources */,
				13B7432C1C7AA6C000BC6B7E /* Frameworks */,
				13B7432D1C7AA6C000BC6B7E /* Resources */,
			);
			buildRules = (
			);
			dependencies = (
				13B743311C7AA6C000BC6B7E /* PBXTargetDependency */,
			);
			name = DSCoreGraphicsTests;
			productName = DSCoreGraphicsTests;
			productReference = 13B7432F1C7AA6C000BC6B7E /* DSCoreGraphicsTests.xctest */;
			productType = "com.apple.product-type.bundle.unit-test";
		};
		13B743391C7AA6C000BC6B7E /* DSCoreGraphicsUITests */ = {
			isa = PBXNativeTarget;
			buildConfigurationList = 13B743491C7AA6C100BC6B7E /* Build configuration list for PBXNativeTarget "DSCoreGraphicsUITests" */;
			buildPhases = (
				13B743361C7AA6C000BC6B7E /* Sources */,
				13B743371C7AA6C000BC6B7E /* Frameworks */,
				13B743381C7AA6C000BC6B7E /* Resources */,
			);
			buildRules = (
			);
			dependencies = (
				13B7433C1C7AA6C100BC6B7E /* PBXTargetDependency */,
			);
			name = DSCoreGraphicsUITests;
			productName = DSCoreGraphicsUITests;
			productReference = 13B7433A1C7AA6C100BC6B7E /* DSCoreGraphicsUITests.xctest */;
			productType = "com.apple.product-type.bundle.ui-testing";
		};
/* End PBXNativeTarget section */

/* Begin PBXProject section */
		13B7430E1C7AA6C000BC6B7E /* Project object */ = {
			isa = PBXProject;
			attributes = {
				LastUpgradeCheck = 0720;
				ORGANIZATIONNAME = dasheng;
				TargetAttributes = {
					13B743151C7AA6C000BC6B7E = {
						CreatedOnToolsVersion = 7.2.1;
					};
					13B7432E1C7AA6C000BC6B7E = {
						CreatedOnToolsVersion = 7.2.1;
						TestTargetID = 13B743151C7AA6C000BC6B7E;
					};
					13B743391C7AA6C000BC6B7E = {
						CreatedOnToolsVersion = 7.2.1;
						TestTargetID = 13B743151C7AA6C000BC6B7E;
					};
				};
			};
			buildConfigurationList = 13B743111C7AA6C000BC6B7E /* Build configuration list for PBXProject "DSCoreGraphics" */;
			compatibilityVersion = "Xcode 3.2";
			developmentRegion = English;
			hasScannedForEncodings = 0;
			knownRegions = (
				en,
				Base,
			);
			mainGroup = 13B7430D1C7AA6C000BC6B7E;
			productRefGroup = 13B743171C7AA6C000BC6B7E /* Products */;
			projectDirPath = "";
			projectRoot = "";
			targets = (
				13B743151C7AA6C000BC6B7E /* DSCoreGraphics */,
				13B7432E1C7AA6C000BC6B7E /* DSCoreGraphicsTests */,
				13B743391C7AA6C000BC6B7E /* DSCoreGraphicsUITests */,
			);
		};
/* End PBXProject section */

/* Begin PBXResourcesBuildPhase section */
		13B743141C7AA6C000BC6B7E /* Resources */ = {
			isa = PBXResourcesBuildPhase;
			buildActionMask = 2147483647;
			files = (
				13B743291C7AA6C000BC6B7E /* LaunchScreen.storyboard in Resources */,
				13B743261C7AA6C000BC6B7E /* Assets.xcassets in Resources */,
				13B743241C7AA6C000BC6B7E /* Main.storyboard in Resources */,
			);
			runOnlyForDeploymentPostprocessing = 0;
		};
		13B7432D1C7AA6C000BC6B7E /* Resources */ = {
			isa = PBXResourcesBuildPhase;
			buildActionMask = 2147483647;
			files = (
			);
			runOnlyForDeploymentPostprocessing = 0;
		};
		13B743381C7AA6C000BC6B7E /* Resources */ = {
			isa = PBXResourcesBuildPhase;
			buildActionMask = 2147483647;
			files = (
			);
			runOnlyForDeploymentPostprocessing = 0;
		};
/* End PBXResourcesBuildPhase section */

/* Begin PBXSourcesBuildPhase section */
		13B743121C7AA6C000BC6B7E /* Sources */ = {
			isa = PBXSourcesBuildPhase;
			buildActionMask = 2147483647;
			files = (
				13B7431E1C7AA6C000BC6B7E /* AppDelegate.m in Sources */,
				33D24D7E1D8305A400710F95 /* DrawOneViewController.m in Sources */,
				1363CD151C7C33AD006172BD /* UIKitThreeViewController.m in Sources */,
				33B21A811D84F1A90039889A /* DrawSixViewController.m in Sources */,
				13B743601C7AAF5700BC6B7E /* BaseViewController.m in Sources */,
				135A8C321C7EFB6F0065D0A4 /* CGThreeViewController.m in Sources */,
				33B21A7E1D84EFE20039889A /* DrawFiveViewController.m in Sources */,
				1363CD121C7C29C4006172BD /* UIKitTwoViewController.m in Sources */,
				13B743661C7AB75300BC6B7E /* UIKitOneViewController.m in Sources */,
				135A8C291C7EF3E70065D0A4 /* UIKitFourViewController.m in Sources */,
				135A8C2C1C7EF8AD0065D0A4 /* CGOneViewController.m in Sources */,
				135A8C2F1C7EFAC10065D0A4 /* CGTwoViewController.m in Sources */,
				13B743611C7AAF5700BC6B7E /* RootViewController.m in Sources */,
				135A8C351C7EFC9B0065D0A4 /* CGFourViewController.m in Sources */,
				33B21A781D84EDB90039889A /* DrawFourViewController.m in Sources */,
				33B21A751D84EC460039889A /* DrawThreeViewController.m in Sources */,
				13B7431B1C7AA6C000BC6B7E /* main.m in Sources */,
				33D24D811D830A7900710F95 /* DrawTwoViewController.m in Sources */,
			);
			runOnlyForDeploymentPostprocessing = 0;
		};
		13B7432B1C7AA6C000BC6B7E /* Sources */ = {
			isa = PBXSourcesBuildPhase;
			buildActionMask = 2147483647;
			files = (
				13B743341C7AA6C000BC6B7E /* DSCoreGraphicsTests.m in Sources */,
			);
			runOnlyForDeploymentPostprocessing = 0;
		};
		13B743361C7AA6C000BC6B7E /* Sources */ = {
			isa = PBXSourcesBuildPhase;
			buildActionMask = 2147483647;
			files = (
				13B7433F1C7AA6C100BC6B7E /* DSCoreGraphicsUITests.m in Sources */,
			);
			runOnlyForDeploymentPostprocessing = 0;
		};
/* End PBXSourcesBuildPhase section */

/* Begin PBXTargetDependency section */
		13B743311C7AA6C000BC6B7E /* PBXTargetDependency */ = {
			isa = PBXTargetDependency;
			target = 13B743151C7AA6C000BC6B7E /* DSCoreGraphics */;
			targetProxy = 13B743301C7AA6C000BC6B7E /* PBXContainerItemProxy */;
		};
		13B7433C1C7AA6C100BC6B7E /* PBXTargetDependency */ = {
			isa = PBXTargetDependency;
			target = 13B743151C7AA6C000BC6B7E /* DSCoreGraphics */;
			targetProxy = 13B7433B1C7AA6C100BC6B7E /* PBXContainerItemProxy */;
		};
/* End PBXTargetDependency section */

/* Begin PBXVariantGroup section */
		13B743221C7AA6C000BC6B7E /* Main.storyboard */ = {
			isa = PBXVariantGroup;
			children = (
				13B743231C7AA6C000BC6B7E /* Base */,
			);
			name = Main.storyboard;
			sourceTree = "<group>";
		};
		13B743271C7AA6C000BC6B7E /* LaunchScreen.storyboard */ = {
			isa = PBXVariantGroup;
			children = (
				13B743281C7AA6C000BC6B7E /* Base */,
			);
			name = LaunchScreen.storyboard;
			sourceTree = "<group>";
		};
/* End PBXVariantGroup section */

/* Begin XCBuildConfiguration section */
		13B743411C7AA6C100BC6B7E /* Debug */ = {
			isa = XCBuildConfiguration;
			buildSettings = {
				ALWAYS_SEARCH_USER_PATHS = NO;
				CLANG_CXX_LANGUAGE_STANDARD = "gnu++0x";
				CLANG_CXX_LIBRARY = "libc++";
				CLANG_ENABLE_MODULES = YES;
				CLANG_ENABLE_OBJC_ARC = YES;
				CLANG_WARN_BOOL_CONVERSION = YES;
				CLANG_WARN_CONSTANT_CONVERSION = YES;
				CLANG_WARN_DIRECT_OBJC_ISA_USAGE = YES_ERROR;
				CLANG_WARN_EMPTY_BODY = YES;
				CLANG_WARN_ENUM_CONVERSION = YES;
				CLANG_WARN_INT_CONVERSION = YES;
				CLANG_WARN_OBJC_ROOT_CLASS = YES_ERROR;
				CLANG_WARN_UNREACHABLE_CODE = YES;
				CLANG_WARN__DUPLICATE_METHOD_MATCH = YES;
				"CODE_SIGN_IDENTITY[sdk=iphoneos*]" = "iPhone Developer";
				COPY_PHASE_STRIP = NO;
				DEBUG_INFORMATION_FORMAT = dwarf;
				ENABLE_STRICT_OBJC_MSGSEND = YES;
				ENABLE_TESTABILITY = YES;
				GCC_C_LANGUAGE_STANDARD = gnu99;
				GCC_DYNAMIC_NO_PIC = NO;
				GCC_NO_COMMON_BLOCKS = YES;
				GCC_OPTIMIZATION_LEVEL = 0;
				GCC_PREPROCESSOR_DEFINITIONS = (
					"DEBUG=1",
					"$(inherited)",
				);
				GCC_WARN_64_TO_32_BIT_CONVERSION = YES;
				GCC_WARN_ABOUT_RETURN_TYPE = YES_ERROR;
				GCC_WARN_UNDECLARED_SELECTOR = YES;
				GCC_WARN_UNINITIALIZED_AUTOS = YES_AGGRESSIVE;
				GCC_WARN_UNUSED_FUNCTION = YES;
				GCC_WARN_UNUSED_VARIABLE = YES;
				IPHONEOS_DEPLOYMENT_TARGET = 9.2;
				MTL_ENABLE_DEBUG_INFO = YES;
				ONLY_ACTIVE_ARCH = YES;
				SDKROOT = iphoneos;
				TARGETED_DEVICE_FAMILY = "1,2";
			};
			name = Debug;
		};
		13B743421C7AA6C100BC6B7E /* Release */ = {
			isa = XCBuildConfiguration;
			buildSettings = {
				ALWAYS_SEARCH_USER_PATHS = NO;
				CLANG_CXX_LANGUAGE_STANDARD = "gnu++0x";
				CLANG_CXX_LIBRARY = "libc++";
				CLANG_ENABLE_MODULES = YES;
				CLANG_ENABLE_OBJC_ARC = YES;
				CLANG_WARN_BOOL_CONVERSION = YES;
				CLANG_WARN_CONSTANT_CONVERSION = YES;
				CLANG_WARN_DIRECT_OBJC_ISA_USAGE = YES_ERROR;
				CLANG_WARN_EMPTY_BODY = YES;
				CLANG_WARN_ENUM_CONVERSION = YES;
				CLANG_WARN_INT_CONVERSION = YES;
				CLANG_WARN_OBJC_ROOT_CLASS = YES_ERROR;
				CLANG_WARN_UNREACHABLE_CODE = YES;
				CLANG_WARN__DUPLICATE_METHOD_MATCH = YES;
				"CODE_SIGN_IDENTITY[sdk=iphoneos*]" = "iPhone Developer";
				COPY_PHASE_STRIP = NO;
				DEBUG_INFORMATION_FORMAT = "dwarf-with-dsym";
				ENABLE_NS_ASSERTIONS = NO;
				ENABLE_STRICT_OBJC_MSGSEND = YES;
				GCC_C_LANGUAGE_STANDARD = gnu99;
				GCC_NO_COMMON_BLOCKS = YES;
				GCC_WARN_64_TO_32_BIT_CONVERSION = YES;
				GCC_WARN_ABOUT_RETURN_TYPE = YES_ERROR;
				GCC_WARN_UNDECLARED_SELECTOR = YES;
				GCC_WARN_UNINITIALIZED_AUTOS = YES_AGGRESSIVE;
				GCC_WARN_UNUSED_FUNCTION = YES;
				GCC_WARN_UNUSED_VARIABLE = YES;
				IPHONEOS_DEPLOYMENT_TARGET = 9.2;
				MTL_ENABLE_DEBUG_INFO = NO;
				SDKROOT = iphoneos;
				TARGETED_DEVICE_FAMILY = "1,2";
				VALIDATE_PRODUCT = YES;
			};
			name = Release;
		};
		13B743441C7AA6C100BC6B7E /* Debug */ = {
			isa = XCBuildConfiguration;
			buildSettings = {
				ASSETCATALOG_COMPILER_APPICON_NAME = AppIcon;
				INFOPLIST_FILE = DSCoreGraphics/Info.plist;
				IPHONEOS_DEPLOYMENT_TARGET = 7.0;
				LD_RUNPATH_SEARCH_PATHS = "$(inherited) @executable_path/Frameworks";
				PRODUCT_BUNDLE_IDENTIFIER = dasheng.DSCoreGraphics;
				PRODUCT_NAME = "$(TARGET_NAME)";
			};
			name = Debug;
		};
		13B743451C7AA6C100BC6B7E /* Release */ = {
			isa = XCBuildConfiguration;
			buildSettings = {
				ASSETCATALOG_COMPILER_APPICON_NAME = AppIcon;
				INFOPLIST_FILE = DSCoreGraphics/Info.plist;
				IPHONEOS_DEPLOYMENT_TARGET = 7.0;
				LD_RUNPATH_SEARCH_PATHS = "$(inherited) @executable_path/Frameworks";
				PRODUCT_BUNDLE_IDENTIFIER = dasheng.DSCoreGraphics;
				PRODUCT_NAME = "$(TARGET_NAME)";
			};
			name = Release;
		};
		13B743471C7AA6C100BC6B7E /* Debug */ = {
			isa = XCBuildConfiguration;
			buildSettings = {
				BUNDLE_LOADER = "$(TEST_HOST)";
				INFOPLIST_FILE = DSCoreGraphicsTests/Info.plist;
				LD_RUNPATH_SEARCH_PATHS = "$(inherited) @executable_path/Frameworks @loader_path/Frameworks";
				PRODUCT_BUNDLE_IDENTIFIER = dasheng.DSCoreGraphicsTests;
				PRODUCT_NAME = "$(TARGET_NAME)";
				TEST_HOST = "$(BUILT_PRODUCTS_DIR)/DSCoreGraphics.app/DSCoreGraphics";
			};
			name = Debug;
		};
		13B743481C7AA6C100BC6B7E /* Release */ = {
			isa = XCBuildConfiguration;
			buildSettings = {
				BUNDLE_LOADER = "$(TEST_HOST)";
				INFOPLIST_FILE = DSCoreGraphicsTests/Info.plist;
				LD_RUNPATH_SEARCH_PATHS = "$(inherited) @executable_path/Frameworks @loader_path/Frameworks";
				PRODUCT_BUNDLE_IDENTIFIER = dasheng.DSCoreGraphicsTests;
				PRODUCT_NAME = "$(TARGET_NAME)";
				TEST_HOST = "$(BUILT_PRODUCTS_DIR)/DSCoreGraphics.app/DSCoreGraphics";
			};
			name = Release;
		};
		13B7434A1C7AA6C100BC6B7E /* Debug */ = {
			isa = XCBuildConfiguration;
			buildSettings = {
				INFOPLIST_FILE = DSCoreGraphicsUITests/Info.plist;
				LD_RUNPATH_SEARCH_PATHS = "$(inherited) @executable_path/Frameworks @loader_path/Frameworks";
				PRODUCT_BUNDLE_IDENTIFIER = dasheng.DSCoreGraphicsUITests;
				PRODUCT_NAME = "$(TARGET_NAME)";
				TEST_TARGET_NAME = DSCoreGraphics;
				USES_XCTRUNNER = YES;
			};
			name = Debug;
		};
		13B7434B1C7AA6C100BC6B7E /* Release */ = {
			isa = XCBuildConfiguration;
			buildSettings = {
				INFOPLIST_FILE = DSCoreGraphicsUITests/Info.plist;
				LD_RUNPATH_SEARCH_PATHS = "$(inherited) @executable_path/Frameworks @loader_path/Frameworks";
				PRODUCT_BUNDLE_IDENTIFIER = dasheng.DSCoreGraphicsUITests;
				PRODUCT_NAME = "$(TARGET_NAME)";
				TEST_TARGET_NAME = DSCoreGraphics;
				USES_XCTRUNNER = YES;
			};
			name = Release;
		};
/* End XCBuildConfiguration section */

/* Begin XCConfigurationList section */
		13B743111C7AA6C000BC6B7E /* Build configuration list for PBXProject "DSCoreGraphics" */ = {
			isa = XCConfigurationList;
			buildConfigurations = (
				13B743411C7AA6C100BC6B7E /* Debug */,
				13B743421C7AA6C100BC6B7E /* Release */,
			);
			defaultConfigurationIsVisible = 0;
			defaultConfigurationName = Release;
		};
		13B743431C7AA6C100BC6B7E /* Build configuration list for PBXNativeTarget "DSCoreGraphics" */ = {
			isa = XCConfigurationList;
			buildConfigurations = (
				13B743441C7AA6C100BC6B7E /* Debug */,
				13B743451C7AA6C100BC6B7E /* Release */,
			);
			defaultConfigurationIsVisible = 0;
			defaultConfigurationName = Release;
		};
		13B743461C7AA6C100BC6B7E /* Build configuration list for PBXNativeTarget "DSCoreGraphicsTests" */ = {
			isa = XCConfigurationList;
			buildConfigurations = (
				13B743471C7AA6C100BC6B7E /* Debug */,
				13B743481C7AA6C100BC6B7E /* Release */,
			);
			defaultConfigurationIsVisible = 0;
			defaultConfigurationName = Release;
		};
		13B743491C7AA6C100BC6B7E /* Build configuration list for PBXNativeTarget "DSCoreGraphicsUITests" */ = {
			isa = XCConfigurationList;
			buildConfigurations = (
				13B7434A1C7AA6C100BC6B7E /* Debug */,
				13B7434B1C7AA6C100BC6B7E /* Release */,
			);
			defaultConfigurationIsVisible = 0;
			defaultConfigurationName = Release;
		};
/* End XCConfigurationList section */
	};
	rootObject = 13B7430E1C7AA6C000BC6B7E /* Project object */;
}
